
Microsoft Visual Studio Solution File, Format Version 12.00
# Visual Studio 2012
Project("{8BC9CEB8-8B4A-11D0-8D11-00A0C91BC942}") = "FoxFarmerGame", "FoxFarmerGame.vcxproj", "{96AC4D4B-AFF4-4F7D-B7F3-366A00E497BF}"
EndProject
Global
	GlobalSection(SolutionConfigurationPlatforms) = preSolution
		Debug|Win32 = Debug|Win32
		Release|Win32 = Release|Win32
	EndGlobalSection
	GlobalSection(ProjectConfigurationPlatforms) = postSolution
		{96AC4D4B-AFF4-4F7D-B7F3-366A00E497BF}.Debug|Win32.ActiveCfg = Debug|Win32
		{96AC4D4B-AFF4-4F7D-B7F3-366A00E497BF}.Debug|Win32.Build.0 = Debug|Win32
		{96AC4D4B-AFF4-4F7D-B7F3-366A00E497BF}.Release|Win32.ActiveCfg = Release|Win32
		{96AC4D4B-AFF4-4F7D-B7F3-366A00E497BF}.Release|Win32.Build.0 = Release|Win32
	EndGlobalSection
	GlobalSection(SolutionProperties) = preSolution
		HideSolutionNode = FALSE
	EndGlobalSection
EndGlobal
